
Microsoft Visual Studio Solution File, Format Version 12.00
# Visual Studio Version 17
VisualStudioVersion = 17.8.34511.84
MinimumVisualStudioVersion = 10.0.40219.1
Project("{FAE04EC0-301F-11D3-BF4B-00C04F79EFBC}") = "WPF-Content-Control", "WPF-Content-Control\WPF-Content-Control.csproj", "{8F9E001B-C62A-41A2-BF0C-938784226852}"
EndProject
Global
	GlobalSection(SolutionConfigurationPlatforms) = preSolution
		Debug|Any CPU = Debug|Any CPU
		Release|Any CPU = Release|Any CPU
	EndGlobalSection
	GlobalSection(ProjectConfigurationPlatforms) = postSolution
		{8F9E001B-C62A-41A2-BF0C-938784226852}.Debug|Any CPU.ActiveCfg = Debug|Any CPU
		{8F9E001B-C62A-41A2-BF0C-938784226852}.Debug|Any CPU.Build.0 = Debug|Any CPU
		{8F9E001B-C62A-41A2-BF0C-938784226852}.Release|Any CPU.ActiveCfg = Release|Any CPU
		{8F9E001B-C62A-41A2-BF0C-938784226852}.Release|Any CPU.Build.0 = Release|Any CPU
	EndGlobalSection
	GlobalSection(SolutionProperties) = preSolution
		HideSolutionNode = FALSE
	EndGlobalSection
	GlobalSection(ExtensibilityGlobals) = postSolution
		SolutionGuid = {E3A007F7-09B0-4041-8380-E1321F2A5264}
	EndGlobalSection
EndGlobal
